
Microsoft Visual Studio Solution File, Format Version 12.00
# Visual Studio Version 16
VisualStudioVersion = 16.0.32228.343
MinimumVisualStudioVersion = 10.0.40219.1
Project("{FAE04EC0-301F-11D3-BF4B-00C04F79EFBC}") = "BitirmeProjesi", "BitirmeProjesi\BitirmeProjesi.csproj", "{695600D6-29FD-437F-B666-B960EA6A0359}"
EndProject
Project("{FAE04EC0-301F-11D3-BF4B-00C04F79EFBC}") = "LoginAndDatabase", "..\LoginAndDatabase\LoginAndDatabase\LoginAndDatabase.csproj", "{31A1C785-A414-4AB1-B420-A2AB2581329C}"
EndProject
Global
	GlobalSection(SolutionConfigurationPlatforms) = preSolution
		Debug|Any CPU = Debug|Any CPU
		Release|Any CPU = Release|Any CPU
	EndGlobalSection
	GlobalSection(ProjectConfigurationPlatforms) = postSolution
		{695600D6-29FD-437F-B666-B960EA6A0359}.Debug|Any CPU.ActiveCfg = Debug|Any CPU
		{695600D6-29FD-437F-B666-B960EA6A0359}.Debug|Any CPU.Build.0 = Debug|Any CPU
		{695600D6-29FD-437F-B666-B960EA6A0359}.Release|Any CPU.ActiveCfg = Release|Any CPU
		{695600D6-29FD-437F-B666-B960EA6A0359}.Release|Any CPU.Build.0 = Release|Any CPU
		{31A1C785-A414-4AB1-B420-A2AB2581329C}.Debug|Any CPU.ActiveCfg = Debug|Any CPU
		{31A1C785-A414-4AB1-B420-A2AB2581329C}.Debug|Any CPU.Build.0 = Debug|Any CPU
		{31A1C785-A414-4AB1-B420-A2AB2581329C}.Release|Any CPU.ActiveCfg = Release|Any CPU
		{31A1C785-A414-4AB1-B420-A2AB2581329C}.Release|Any CPU.Build.0 = Release|Any CPU
	EndGlobalSection
	GlobalSection(SolutionProperties) = preSolution
		HideSolutionNode = FALSE
	EndGlobalSection
	GlobalSection(ExtensibilityGlobals) = postSolution
		SolutionGuid = {2B955BC7-BF79-433C-83EA-22F44B986D2A}
	EndGlobalSection
EndGlobal
