
Microsoft Visual Studio Solution File, Format Version 12.00
# Visual Studio Version 16
VisualStudioVersion = 16.0.31729.503
MinimumVisualStudioVersion = 10.0.40219.1
Project("{FAE04EC0-301F-11D3-BF4B-00C04F79EFBC}") = "Terazi", "Terazi\Terazi.csproj", "{FF67CDF0-91E2-4100-9422-4843882D586E}"
EndProject
Global
	GlobalSection(SolutionConfigurationPlatforms) = preSolution
		Debug|Any CPU = Debug|Any CPU
		Release|Any CPU = Release|Any CPU
	EndGlobalSection
	GlobalSection(ProjectConfigurationPlatforms) = postSolution
		{FF67CDF0-91E2-4100-9422-4843882D586E}.Debug|Any CPU.ActiveCfg = Debug|Any CPU
		{FF67CDF0-91E2-4100-9422-4843882D586E}.Debug|Any CPU.Build.0 = Debug|Any CPU
		{FF67CDF0-91E2-4100-9422-4843882D586E}.Release|Any CPU.ActiveCfg = Release|Any CPU
		{FF67CDF0-91E2-4100-9422-4843882D586E}.Release|Any CPU.Build.0 = Release|Any CPU
	EndGlobalSection
	GlobalSection(SolutionProperties) = preSolution
		HideSolutionNode = FALSE
	EndGlobalSection
	GlobalSection(ExtensibilityGlobals) = postSolution
		SolutionGuid = {55DB0D66-9AA5-47C7-BC28-671C7C04B0E8}
	EndGlobalSection
EndGlobal
